
Microsoft Visual Studio Solution File, Format Version 12.00
# Visual Studio Version 16
VisualStudioVersion = 16.0.29519.87
MinimumVisualStudioVersion = 10.0.40219.1
Project("{FAE04EC0-301F-11D3-BF4B-00C04F79EFBC}") = "Gazi.Emlakci.App", "Gazi.Emlakci.App\Gazi.Emlakci.App.csproj", "{F55AB073-CE10-4E7C-B47F-583FDA3955B6}"
EndProject
Global
	GlobalSection(SolutionConfigurationPlatforms) = preSolution
		Debug|Any CPU = Debug|Any CPU
		Release|Any CPU = Release|Any CPU
	EndGlobalSection
	GlobalSection(ProjectConfigurationPlatforms) = postSolution
		{F55AB073-CE10-4E7C-B47F-583FDA3955B6}.Debug|Any CPU.ActiveCfg = Debug|Any CPU
		{F55AB073-CE10-4E7C-B47F-583FDA3955B6}.Debug|Any CPU.Build.0 = Debug|Any CPU
		{F55AB073-CE10-4E7C-B47F-583FDA3955B6}.Release|Any CPU.ActiveCfg = Release|Any CPU
		{F55AB073-CE10-4E7C-B47F-583FDA3955B6}.Release|Any CPU.Build.0 = Release|Any CPU
	EndGlobalSection
	GlobalSection(SolutionProperties) = preSolution
		HideSolutionNode = FALSE
	EndGlobalSection
	GlobalSection(ExtensibilityGlobals) = postSolution
		SolutionGuid = {D16F6898-1637-41CB-9054-6DB71491EE05}
	EndGlobalSection
EndGlobal
